
Microsoft Visual Studio Solution File, Format Version 11.00
# Visual Studio 2010
Project("{FAE04EC0-301F-11D3-BF4B-00C04F79EFBC}") = "ObjectCloud.Common", "ObjectCloud.Common\ObjectCloud.Common.csproj", "{4E351911-60AC-4BCE-99D7-066C3C9DA67E}"
EndProject
Project("{FAE04EC0-301F-11D3-BF4B-00C04F79EFBC}") = "ObjectCloud.Disk.Implementation", "ObjectCloud.Disk.Implementation\ObjectCloud.Disk.Implementation.csproj", "{AF309392-2A65-4ADD-83C6-0D612C48562C}"
EndProject
Project("{FAE04EC0-301F-11D3-BF4B-00C04F79EFBC}") = "ObjectCloud.Disk.Test", "ObjectCloud.Disk.Test\ObjectCloud.Disk.Test.csproj", "{8E9659E3-D6F2-4675-964C-6D526940FB72}"
EndProject
Project("{FAE04EC0-301F-11D3-BF4B-00C04F79EFBC}") = "ObjectCloud.WebServer.Implementation", "ObjectCloud.WebServer.Implementation\ObjectCloud.WebServer.Implementation.csproj", "{34B1F8C9-E830-4BD6-8854-9FB7DEDA5EE5}"
EndProject
Project("{FAE04EC0-301F-11D3-BF4B-00C04F79EFBC}") = "ObjectCloud.Interfaces", "ObjectCloud.Interfaces\ObjectCloud.Interfaces.csproj", "{DBA3E72A-7B35-4107-88EF-2BD8FB782BAC}"
EndProject
Project("{FAE04EC0-301F-11D3-BF4B-00C04F79EFBC}") = "ObjectCloud.WebServer.Test", "ObjectCloud.WebServer.Test\ObjectCloud.WebServer.Test.csproj", "{50102141-5990-4226-99E7-ECD7169B18E8}"
EndProject
Project("{FAE04EC0-301F-11D3-BF4B-00C04F79EFBC}") = "JsonFx.Json", "JsonFx.Json\JsonFx.Json.csproj", "{ABA23F14-7E47-43FE-A3E7-1FF97840C3FB}"
EndProject
Project("{FAE04EC0-301F-11D3-BF4B-00C04F79EFBC}") = "ObjectCloud", "ObjectCloud\ObjectCloud.csproj", "{23FBD5AE-463C-45F2-B200-EF25102FDF89}"
EndProject
Project("{FAE04EC0-301F-11D3-BF4B-00C04F79EFBC}") = "ObjectCloud.Disk.WebHandlers", "ObjectCloud.Disk.WebHandlers\ObjectCloud.Disk.WebHandlers.csproj", "{A7EE8471-B9EC-454E-BD65-EF85BE5094B6}"
EndProject
Project("{FAE04EC0-301F-11D3-BF4B-00C04F79EFBC}") = "ObjectCloud.Spring.Config", "ObjectCloud.Spring.Config\ObjectCloud.Spring.Config.csproj", "{F4558003-7B34-4081-B99C-78A2FDE4AC3E}"
EndProject
Project("{FAE04EC0-301F-11D3-BF4B-00C04F79EFBC}") = "UnitTests", "UnitTests\UnitTests.csproj", "{115C97F1-B6E0-487D-915A-A4FA9EB3C629}"
EndProject
Project("{FAE04EC0-301F-11D3-BF4B-00C04F79EFBC}") = "ObjectCloud.Logger", "ObjectCloud.Logger\ObjectCloud.Logger.csproj", "{445C9C48-8721-458E-9C19-C833157301B3}"
EndProject
Project("{FAE04EC0-301F-11D3-BF4B-00C04F79EFBC}") = "ObjectCloud.WebAccessCodeGenerators", "ObjectCloud.WebAccessCodeGenerators\ObjectCloud.WebAccessCodeGenerators.csproj", "{B2052165-C0FE-44F7-8F23-B48FB77AE2CA}"
EndProject
Project("{FAE04EC0-301F-11D3-BF4B-00C04F79EFBC}") = "ObjectCloud.Javascript.SubProcess", "ObjectCloud.Javascript.SubProcess\ObjectCloud.Javascript.SubProcess.csproj", "{AE17CCFE-4A78-41CF-85B3-B1131F8334B8}"
EndProject
Project("{FAE04EC0-301F-11D3-BF4B-00C04F79EFBC}") = "ObjectCloud.Particle.UnitTests", "ObjectCloud.Particle.UnitTests\ObjectCloud.Particle.UnitTests.csproj", "{6B008219-9CAC-4717-99B7-2E9C00D0EE12}"
EndProject
Project("{FAE04EC0-301F-11D3-BF4B-00C04F79EFBC}") = "ObjectCloud.CallHomePlugin", "ObjectCloud.CallHomePlugin\ObjectCloud.CallHomePlugin.csproj", "{F2830CC3-5C78-4ED0-974B-8D108F08E146}"
EndProject
Project("{FAE04EC0-301F-11D3-BF4B-00C04F79EFBC}") = "ObjectCloud.Disk", "ObjectCloud.Disk\ObjectCloud.Disk.csproj", "{2380191A-6FC6-429A-8CF5-32BBE656C3A5}"
EndProject
Global
	GlobalSection(SolutionConfigurationPlatforms) = preSolution
		Debug|Any CPU = Debug|Any CPU
		Debug|Mixed Platforms = Debug|Mixed Platforms
		Debug|x86 = Debug|x86
		Release|Any CPU = Release|Any CPU
		Release|Mixed Platforms = Release|Mixed Platforms
		Release|x86 = Release|x86
		Signed|Any CPU = Signed|Any CPU
		Signed|Mixed Platforms = Signed|Mixed Platforms
		Signed|x86 = Signed|x86
	EndGlobalSection
	GlobalSection(ProjectConfigurationPlatforms) = postSolution
		{115C97F1-B6E0-487D-915A-A4FA9EB3C629}.Debug|Any CPU.ActiveCfg = Debug|Any CPU
		{115C97F1-B6E0-487D-915A-A4FA9EB3C629}.Debug|Any CPU.Build.0 = Debug|Any CPU
		{115C97F1-B6E0-487D-915A-A4FA9EB3C629}.Debug|Mixed Platforms.ActiveCfg = Debug|Any CPU
		{115C97F1-B6E0-487D-915A-A4FA9EB3C629}.Debug|Mixed Platforms.Build.0 = Debug|Any CPU
		{115C97F1-B6E0-487D-915A-A4FA9EB3C629}.Debug|x86.ActiveCfg = Debug|Any CPU
		{115C97F1-B6E0-487D-915A-A4FA9EB3C629}.Release|Any CPU.ActiveCfg = Release|Any CPU
		{115C97F1-B6E0-487D-915A-A4FA9EB3C629}.Release|Any CPU.Build.0 = Release|Any CPU
		{115C97F1-B6E0-487D-915A-A4FA9EB3C629}.Release|Mixed Platforms.ActiveCfg = Release|Any CPU
		{115C97F1-B6E0-487D-915A-A4FA9EB3C629}.Release|Mixed Platforms.Build.0 = Release|Any CPU
		{115C97F1-B6E0-487D-915A-A4FA9EB3C629}.Release|x86.ActiveCfg = Release|Any CPU
		{115C97F1-B6E0-487D-915A-A4FA9EB3C629}.Signed|Any CPU.ActiveCfg = Release|Any CPU
		{115C97F1-B6E0-487D-915A-A4FA9EB3C629}.Signed|Any CPU.Build.0 = Release|Any CPU
		{115C97F1-B6E0-487D-915A-A4FA9EB3C629}.Signed|Mixed Platforms.ActiveCfg = Release|Any CPU
		{115C97F1-B6E0-487D-915A-A4FA9EB3C629}.Signed|Mixed Platforms.Build.0 = Release|Any CPU
		{115C97F1-B6E0-487D-915A-A4FA9EB3C629}.Signed|x86.ActiveCfg = Release|Any CPU
		{2380191A-6FC6-429A-8CF5-32BBE656C3A5}.Debug|Any CPU.ActiveCfg = Debug|Any CPU
		{2380191A-6FC6-429A-8CF5-32BBE656C3A5}.Debug|Any CPU.Build.0 = Debug|Any CPU
		{2380191A-6FC6-429A-8CF5-32BBE656C3A5}.Debug|Mixed Platforms.ActiveCfg = Debug|Any CPU
		{2380191A-6FC6-429A-8CF5-32BBE656C3A5}.Debug|Mixed Platforms.Build.0 = Debug|Any CPU
		{2380191A-6FC6-429A-8CF5-32BBE656C3A5}.Debug|x86.ActiveCfg = Debug|Any CPU
		{2380191A-6FC6-429A-8CF5-32BBE656C3A5}.Debug|x86.Build.0 = Debug|Any CPU
		{2380191A-6FC6-429A-8CF5-32BBE656C3A5}.Release|Any CPU.ActiveCfg = Release|Any CPU
		{2380191A-6FC6-429A-8CF5-32BBE656C3A5}.Release|Any CPU.Build.0 = Release|Any CPU
		{2380191A-6FC6-429A-8CF5-32BBE656C3A5}.Release|Mixed Platforms.ActiveCfg = Release|Any CPU
		{2380191A-6FC6-429A-8CF5-32BBE656C3A5}.Release|Mixed Platforms.Build.0 = Release|Any CPU
		{2380191A-6FC6-429A-8CF5-32BBE656C3A5}.Release|x86.ActiveCfg = Release|Any CPU
		{2380191A-6FC6-429A-8CF5-32BBE656C3A5}.Release|x86.Build.0 = Release|Any CPU
		{2380191A-6FC6-429A-8CF5-32BBE656C3A5}.Signed|Any CPU.ActiveCfg = Debug|Any CPU
		{2380191A-6FC6-429A-8CF5-32BBE656C3A5}.Signed|Any CPU.Build.0 = Debug|Any CPU
		{2380191A-6FC6-429A-8CF5-32BBE656C3A5}.Signed|Mixed Platforms.ActiveCfg = Debug|Any CPU
		{2380191A-6FC6-429A-8CF5-32BBE656C3A5}.Signed|Mixed Platforms.Build.0 = Debug|Any CPU
		{2380191A-6FC6-429A-8CF5-32BBE656C3A5}.Signed|x86.ActiveCfg = Debug|Any CPU
		{2380191A-6FC6-429A-8CF5-32BBE656C3A5}.Signed|x86.Build.0 = Debug|Any CPU
		{23FBD5AE-463C-45F2-B200-EF25102FDF89}.Debug|Any CPU.ActiveCfg = Debug|Any CPU
		{23FBD5AE-463C-45F2-B200-EF25102FDF89}.Debug|Any CPU.Build.0 = Debug|Any CPU
		{23FBD5AE-463C-45F2-B200-EF25102FDF89}.Debug|Mixed Platforms.ActiveCfg = Debug|Any CPU
		{23FBD5AE-463C-45F2-B200-EF25102FDF89}.Debug|Mixed Platforms.Build.0 = Debug|Any CPU
		{23FBD5AE-463C-45F2-B200-EF25102FDF89}.Debug|x86.ActiveCfg = Debug|Any CPU
		{23FBD5AE-463C-45F2-B200-EF25102FDF89}.Debug|x86.Build.0 = Debug|Any CPU
		{23FBD5AE-463C-45F2-B200-EF25102FDF89}.Release|Any CPU.ActiveCfg = Release|Any CPU
		{23FBD5AE-463C-45F2-B200-EF25102FDF89}.Release|Any CPU.Build.0 = Release|Any CPU
		{23FBD5AE-463C-45F2-B200-EF25102FDF89}.Release|Mixed Platforms.ActiveCfg = Release|Any CPU
		{23FBD5AE-463C-45F2-B200-EF25102FDF89}.Release|Mixed Platforms.Build.0 = Release|Any CPU
		{23FBD5AE-463C-45F2-B200-EF25102FDF89}.Release|x86.ActiveCfg = Release|Any CPU
		{23FBD5AE-463C-45F2-B200-EF25102FDF89}.Release|x86.Build.0 = Release|Any CPU
		{23FBD5AE-463C-45F2-B200-EF25102FDF89}.Signed|Any CPU.ActiveCfg = Debug|Any CPU
		{23FBD5AE-463C-45F2-B200-EF25102FDF89}.Signed|Any CPU.Build.0 = Debug|Any CPU
		{23FBD5AE-463C-45F2-B200-EF25102FDF89}.Signed|Mixed Platforms.ActiveCfg = Debug|Any CPU
		{23FBD5AE-463C-45F2-B200-EF25102FDF89}.Signed|Mixed Platforms.Build.0 = Debug|Any CPU
		{23FBD5AE-463C-45F2-B200-EF25102FDF89}.Signed|x86.ActiveCfg = Debug|Any CPU
		{23FBD5AE-463C-45F2-B200-EF25102FDF89}.Signed|x86.Build.0 = Debug|Any CPU
		{34B1F8C9-E830-4BD6-8854-9FB7DEDA5EE5}.Debug|Any CPU.ActiveCfg = Debug|Any CPU
		{34B1F8C9-E830-4BD6-8854-9FB7DEDA5EE5}.Debug|Any CPU.Build.0 = Debug|Any CPU
		{34B1F8C9-E830-4BD6-8854-9FB7DEDA5EE5}.Debug|Mixed Platforms.ActiveCfg = Debug|Any CPU
		{34B1F8C9-E830-4BD6-8854-9FB7DEDA5EE5}.Debug|Mixed Platforms.Build.0 = Debug|Any CPU
		{34B1F8C9-E830-4BD6-8854-9FB7DEDA5EE5}.Debug|x86.ActiveCfg = Debug|Any CPU
		{34B1F8C9-E830-4BD6-8854-9FB7DEDA5EE5}.Release|Any CPU.ActiveCfg = Release|Any CPU
		{34B1F8C9-E830-4BD6-8854-9FB7DEDA5EE5}.Release|Any CPU.Build.0 = Release|Any CPU
		{34B1F8C9-E830-4BD6-8854-9FB7DEDA5EE5}.Release|Mixed Platforms.ActiveCfg = Release|Any CPU
		{34B1F8C9-E830-4BD6-8854-9FB7DEDA5EE5}.Release|Mixed Platforms.Build.0 = Release|Any CPU
		{34B1F8C9-E830-4BD6-8854-9FB7DEDA5EE5}.Release|x86.ActiveCfg = Release|Any CPU
		{34B1F8C9-E830-4BD6-8854-9FB7DEDA5EE5}.Signed|Any CPU.ActiveCfg = Release|Any CPU
		{34B1F8C9-E830-4BD6-8854-9FB7DEDA5EE5}.Signed|Any CPU.Build.0 = Release|Any CPU
		{34B1F8C9-E830-4BD6-8854-9FB7DEDA5EE5}.Signed|Mixed Platforms.ActiveCfg = Release|Any CPU
		{34B1F8C9-E830-4BD6-8854-9FB7DEDA5EE5}.Signed|Mixed Platforms.Build.0 = Release|Any CPU
		{34B1F8C9-E830-4BD6-8854-9FB7DEDA5EE5}.Signed|x86.ActiveCfg = Release|Any CPU
		{445C9C48-8721-458E-9C19-C833157301B3}.Debug|Any CPU.ActiveCfg = Debug|Any CPU
		{445C9C48-8721-458E-9C19-C833157301B3}.Debug|Any CPU.Build.0 = Debug|Any CPU
		{445C9C48-8721-458E-9C19-C833157301B3}.Debug|Mixed Platforms.ActiveCfg = Debug|Any CPU
		{445C9C48-8721-458E-9C19-C833157301B3}.Debug|Mixed Platforms.Build.0 = Debug|Any CPU
		{445C9C48-8721-458E-9C19-C833157301B3}.Debug|x86.ActiveCfg = Debug|Any CPU
		{445C9C48-8721-458E-9C19-C833157301B3}.Release|Any CPU.ActiveCfg = Release|Any CPU
		{445C9C48-8721-458E-9C19-C833157301B3}.Release|Any CPU.Build.0 = Release|Any CPU
		{445C9C48-8721-458E-9C19-C833157301B3}.Release|Mixed Platforms.ActiveCfg = Release|Any CPU
		{445C9C48-8721-458E-9C19-C833157301B3}.Release|Mixed Platforms.Build.0 = Release|Any CPU
		{445C9C48-8721-458E-9C19-C833157301B3}.Release|x86.ActiveCfg = Release|Any CPU
		{445C9C48-8721-458E-9C19-C833157301B3}.Signed|Any CPU.ActiveCfg = Release|Any CPU
		{445C9C48-8721-458E-9C19-C833157301B3}.Signed|Any CPU.Build.0 = Release|Any CPU
		{445C9C48-8721-458E-9C19-C833157301B3}.Signed|Mixed Platforms.ActiveCfg = Release|Any CPU
		{445C9C48-8721-458E-9C19-C833157301B3}.Signed|Mixed Platforms.Build.0 = Release|Any CPU
		{445C9C48-8721-458E-9C19-C833157301B3}.Signed|x86.ActiveCfg = Release|Any CPU
		{4E351911-60AC-4BCE-99D7-066C3C9DA67E}.Debug|Any CPU.ActiveCfg = Debug|Any CPU
		{4E351911-60AC-4BCE-99D7-066C3C9DA67E}.Debug|Any CPU.Build.0 = Debug|Any CPU
		{4E351911-60AC-4BCE-99D7-066C3C9DA67E}.Debug|Mixed Platforms.ActiveCfg = Debug|Any CPU
		{4E351911-60AC-4BCE-99D7-066C3C9DA67E}.Debug|Mixed Platforms.Build.0 = Debug|Any CPU
		{4E351911-60AC-4BCE-99D7-066C3C9DA67E}.Debug|x86.ActiveCfg = Debug|Any CPU
		{4E351911-60AC-4BCE-99D7-066C3C9DA67E}.Release|Any CPU.ActiveCfg = Release|Any CPU
		{4E351911-60AC-4BCE-99D7-066C3C9DA67E}.Release|Any CPU.Build.0 = Release|Any CPU
		{4E351911-60AC-4BCE-99D7-066C3C9DA67E}.Release|Mixed Platforms.ActiveCfg = Release|Any CPU
		{4E351911-60AC-4BCE-99D7-066C3C9DA67E}.Release|Mixed Platforms.Build.0 = Release|Any CPU
		{4E351911-60AC-4BCE-99D7-066C3C9DA67E}.Release|x86.ActiveCfg = Release|Any CPU
		{4E351911-60AC-4BCE-99D7-066C3C9DA67E}.Signed|Any CPU.ActiveCfg = Release|Any CPU
		{4E351911-60AC-4BCE-99D7-066C3C9DA67E}.Signed|Any CPU.Build.0 = Release|Any CPU
		{4E351911-60AC-4BCE-99D7-066C3C9DA67E}.Signed|Mixed Platforms.ActiveCfg = Release|Any CPU
		{4E351911-60AC-4BCE-99D7-066C3C9DA67E}.Signed|Mixed Platforms.Build.0 = Release|Any CPU
		{4E351911-60AC-4BCE-99D7-066C3C9DA67E}.Signed|x86.ActiveCfg = Release|Any CPU
		{50102141-5990-4226-99E7-ECD7169B18E8}.Debug|Any CPU.ActiveCfg = Debug|Any CPU
		{50102141-5990-4226-99E7-ECD7169B18E8}.Debug|Any CPU.Build.0 = Debug|Any CPU
		{50102141-5990-4226-99E7-ECD7169B18E8}.Debug|Mixed Platforms.ActiveCfg = Debug|Any CPU
		{50102141-5990-4226-99E7-ECD7169B18E8}.Debug|Mixed Platforms.Build.0 = Debug|Any CPU
		{50102141-5990-4226-99E7-ECD7169B18E8}.Debug|x86.ActiveCfg = Debug|Any CPU
		{50102141-5990-4226-99E7-ECD7169B18E8}.Release|Any CPU.ActiveCfg = Release|Any CPU
		{50102141-5990-4226-99E7-ECD7169B18E8}.Release|Any CPU.Build.0 = Release|Any CPU
		{50102141-5990-4226-99E7-ECD7169B18E8}.Release|Mixed Platforms.ActiveCfg = Release|Any CPU
		{50102141-5990-4226-99E7-ECD7169B18E8}.Release|Mixed Platforms.Build.0 = Release|Any CPU
		{50102141-5990-4226-99E7-ECD7169B18E8}.Release|x86.ActiveCfg = Release|Any CPU
		{50102141-5990-4226-99E7-ECD7169B18E8}.Signed|Any CPU.ActiveCfg = Release|Any CPU
		{50102141-5990-4226-99E7-ECD7169B18E8}.Signed|Any CPU.Build.0 = Release|Any CPU
		{50102141-5990-4226-99E7-ECD7169B18E8}.Signed|Mixed Platforms.ActiveCfg = Release|Any CPU
		{50102141-5990-4226-99E7-ECD7169B18E8}.Signed|Mixed Platforms.Build.0 = Release|Any CPU
		{50102141-5990-4226-99E7-ECD7169B18E8}.Signed|x86.ActiveCfg = Release|Any CPU
		{6B008219-9CAC-4717-99B7-2E9C00D0EE12}.Debug|Any CPU.ActiveCfg = Debug|Any CPU
		{6B008219-9CAC-4717-99B7-2E9C00D0EE12}.Debug|Any CPU.Build.0 = Debug|Any CPU
		{6B008219-9CAC-4717-99B7-2E9C00D0EE12}.Debug|Mixed Platforms.ActiveCfg = Debug|Any CPU
		{6B008219-9CAC-4717-99B7-2E9C00D0EE12}.Debug|Mixed Platforms.Build.0 = Debug|Any CPU
		{6B008219-9CAC-4717-99B7-2E9C00D0EE12}.Debug|x86.ActiveCfg = Debug|Any CPU
		{6B008219-9CAC-4717-99B7-2E9C00D0EE12}.Release|Any CPU.ActiveCfg = Release|Any CPU
		{6B008219-9CAC-4717-99B7-2E9C00D0EE12}.Release|Any CPU.Build.0 = Release|Any CPU
		{6B008219-9CAC-4717-99B7-2E9C00D0EE12}.Release|Mixed Platforms.ActiveCfg = Release|Any CPU
		{6B008219-9CAC-4717-99B7-2E9C00D0EE12}.Release|Mixed Platforms.Build.0 = Release|Any CPU
		{6B008219-9CAC-4717-99B7-2E9C00D0EE12}.Release|x86.ActiveCfg = Release|Any CPU
		{6B008219-9CAC-4717-99B7-2E9C00D0EE12}.Signed|Any CPU.ActiveCfg = Release|Any CPU
		{6B008219-9CAC-4717-99B7-2E9C00D0EE12}.Signed|Any CPU.Build.0 = Release|Any CPU
		{6B008219-9CAC-4717-99B7-2E9C00D0EE12}.Signed|Mixed Platforms.ActiveCfg = Release|Any CPU
		{6B008219-9CAC-4717-99B7-2E9C00D0EE12}.Signed|Mixed Platforms.Build.0 = Release|Any CPU
		{6B008219-9CAC-4717-99B7-2E9C00D0EE12}.Signed|x86.ActiveCfg = Release|Any CPU
		{8E9659E3-D6F2-4675-964C-6D526940FB72}.Debug|Any CPU.ActiveCfg = Debug|Any CPU
		{8E9659E3-D6F2-4675-964C-6D526940FB72}.Debug|Any CPU.Build.0 = Debug|Any CPU
		{8E9659E3-D6F2-4675-964C-6D526940FB72}.Debug|Mixed Platforms.ActiveCfg = Debug|Any CPU
		{8E9659E3-D6F2-4675-964C-6D526940FB72}.Debug|Mixed Platforms.Build.0 = Debug|Any CPU
		{8E9659E3-D6F2-4675-964C-6D526940FB72}.Debug|x86.ActiveCfg = Debug|Any CPU
		{8E9659E3-D6F2-4675-964C-6D526940FB72}.Release|Any CPU.ActiveCfg = Release|Any CPU
		{8E9659E3-D6F2-4675-964C-6D526940FB72}.Release|Any CPU.Build.0 = Release|Any CPU
		{8E9659E3-D6F2-4675-964C-6D526940FB72}.Release|Mixed Platforms.ActiveCfg = Release|Any CPU
		{8E9659E3-D6F2-4675-964C-6D526940FB72}.Release|Mixed Platforms.Build.0 = Release|Any CPU
		{8E9659E3-D6F2-4675-964C-6D526940FB72}.Release|x86.ActiveCfg = Release|Any CPU
		{8E9659E3-D6F2-4675-964C-6D526940FB72}.Signed|Any CPU.ActiveCfg = Release|Any CPU
		{8E9659E3-D6F2-4675-964C-6D526940FB72}.Signed|Any CPU.Build.0 = Release|Any CPU
		{8E9659E3-D6F2-4675-964C-6D526940FB72}.Signed|Mixed Platforms.ActiveCfg = Release|Any CPU
		{8E9659E3-D6F2-4675-964C-6D526940FB72}.Signed|Mixed Platforms.Build.0 = Release|Any CPU
		{8E9659E3-D6F2-4675-964C-6D526940FB72}.Signed|x86.ActiveCfg = Release|Any CPU
		{A7EE8471-B9EC-454E-BD65-EF85BE5094B6}.Debug|Any CPU.ActiveCfg = Debug|Any CPU
		{A7EE8471-B9EC-454E-BD65-EF85BE5094B6}.Debug|Any CPU.Build.0 = Debug|Any CPU
		{A7EE8471-B9EC-454E-BD65-EF85BE5094B6}.Debug|Mixed Platforms.ActiveCfg = Debug|Any CPU
		{A7EE8471-B9EC-454E-BD65-EF85BE5094B6}.Debug|Mixed Platforms.Build.0 = Debug|Any CPU
		{A7EE8471-B9EC-454E-BD65-EF85BE5094B6}.Debug|x86.ActiveCfg = Debug|Any CPU
		{A7EE8471-B9EC-454E-BD65-EF85BE5094B6}.Release|Any CPU.ActiveCfg = Release|Any CPU
		{A7EE8471-B9EC-454E-BD65-EF85BE5094B6}.Release|Any CPU.Build.0 = Release|Any CPU
		{A7EE8471-B9EC-454E-BD65-EF85BE5094B6}.Release|Mixed Platforms.ActiveCfg = Release|Any CPU
		{A7EE8471-B9EC-454E-BD65-EF85BE5094B6}.Release|Mixed Platforms.Build.0 = Release|Any CPU
		{A7EE8471-B9EC-454E-BD65-EF85BE5094B6}.Release|x86.ActiveCfg = Release|Any CPU
		{A7EE8471-B9EC-454E-BD65-EF85BE5094B6}.Signed|Any CPU.ActiveCfg = Release|Any CPU
		{A7EE8471-B9EC-454E-BD65-EF85BE5094B6}.Signed|Any CPU.Build.0 = Release|Any CPU
		{A7EE8471-B9EC-454E-BD65-EF85BE5094B6}.Signed|Mixed Platforms.ActiveCfg = Release|Any CPU
		{A7EE8471-B9EC-454E-BD65-EF85BE5094B6}.Signed|Mixed Platforms.Build.0 = Release|Any CPU
		{A7EE8471-B9EC-454E-BD65-EF85BE5094B6}.Signed|x86.ActiveCfg = Release|Any CPU
		{ABA23F14-7E47-43FE-A3E7-1FF97840C3FB}.Debug|Any CPU.ActiveCfg = Debug|Any CPU
		{ABA23F14-7E47-43FE-A3E7-1FF97840C3FB}.Debug|Any CPU.Build.0 = Debug|Any CPU
		{ABA23F14-7E47-43FE-A3E7-1FF97840C3FB}.Debug|Mixed Platforms.ActiveCfg = Debug|x86
		{ABA23F14-7E47-43FE-A3E7-1FF97840C3FB}.Debug|Mixed Platforms.Build.0 = Debug|x86
		{ABA23F14-7E47-43FE-A3E7-1FF97840C3FB}.Debug|x86.ActiveCfg = Debug|x86
		{ABA23F14-7E47-43FE-A3E7-1FF97840C3FB}.Debug|x86.Build.0 = Debug|x86
		{ABA23F14-7E47-43FE-A3E7-1FF97840C3FB}.Release|Any CPU.ActiveCfg = Release|Any CPU
		{ABA23F14-7E47-43FE-A3E7-1FF97840C3FB}.Release|Any CPU.Build.0 = Release|Any CPU
		{ABA23F14-7E47-43FE-A3E7-1FF97840C3FB}.Release|Mixed Platforms.ActiveCfg = Release|x86
		{ABA23F14-7E47-43FE-A3E7-1FF97840C3FB}.Release|Mixed Platforms.Build.0 = Release|x86
		{ABA23F14-7E47-43FE-A3E7-1FF97840C3FB}.Release|x86.ActiveCfg = Release|x86
		{ABA23F14-7E47-43FE-A3E7-1FF97840C3FB}.Release|x86.Build.0 = Release|x86
		{ABA23F14-7E47-43FE-A3E7-1FF97840C3FB}.Signed|Any CPU.ActiveCfg = Signed|Any CPU
		{ABA23F14-7E47-43FE-A3E7-1FF97840C3FB}.Signed|Any CPU.Build.0 = Signed|Any CPU
		{ABA23F14-7E47-43FE-A3E7-1FF97840C3FB}.Signed|Mixed Platforms.ActiveCfg = Signed|x86
		{ABA23F14-7E47-43FE-A3E7-1FF97840C3FB}.Signed|Mixed Platforms.Build.0 = Signed|x86
		{ABA23F14-7E47-43FE-A3E7-1FF97840C3FB}.Signed|x86.ActiveCfg = Signed|x86
		{ABA23F14-7E47-43FE-A3E7-1FF97840C3FB}.Signed|x86.Build.0 = Signed|x86
		{AE17CCFE-4A78-41CF-85B3-B1131F8334B8}.Debug|Any CPU.ActiveCfg = Debug|Any CPU
		{AE17CCFE-4A78-41CF-85B3-B1131F8334B8}.Debug|Any CPU.Build.0 = Debug|Any CPU
		{AE17CCFE-4A78-41CF-85B3-B1131F8334B8}.Debug|Mixed Platforms.ActiveCfg = Debug|Any CPU
		{AE17CCFE-4A78-41CF-85B3-B1131F8334B8}.Debug|Mixed Platforms.Build.0 = Debug|Any CPU
		{AE17CCFE-4A78-41CF-85B3-B1131F8334B8}.Debug|x86.ActiveCfg = Debug|Any CPU
		{AE17CCFE-4A78-41CF-85B3-B1131F8334B8}.Release|Any CPU.ActiveCfg = Release|Any CPU
		{AE17CCFE-4A78-41CF-85B3-B1131F8334B8}.Release|Any CPU.Build.0 = Release|Any CPU
		{AE17CCFE-4A78-41CF-85B3-B1131F8334B8}.Release|Mixed Platforms.ActiveCfg = Release|Any CPU
		{AE17CCFE-4A78-41CF-85B3-B1131F8334B8}.Release|Mixed Platforms.Build.0 = Release|Any CPU
		{AE17CCFE-4A78-41CF-85B3-B1131F8334B8}.Release|x86.ActiveCfg = Release|Any CPU
		{AE17CCFE-4A78-41CF-85B3-B1131F8334B8}.Signed|Any CPU.ActiveCfg = Release|Any CPU
		{AE17CCFE-4A78-41CF-85B3-B1131F8334B8}.Signed|Any CPU.Build.0 = Release|Any CPU
		{AE17CCFE-4A78-41CF-85B3-B1131F8334B8}.Signed|Mixed Platforms.ActiveCfg = Release|Any CPU
		{AE17CCFE-4A78-41CF-85B3-B1131F8334B8}.Signed|Mixed Platforms.Build.0 = Release|Any CPU
		{AE17CCFE-4A78-41CF-85B3-B1131F8334B8}.Signed|x86.ActiveCfg = Release|Any CPU
		{AF309392-2A65-4ADD-83C6-0D612C48562C}.Debug|Any CPU.ActiveCfg = Debug|Any CPU
		{AF309392-2A65-4ADD-83C6-0D612C48562C}.Debug|Any CPU.Build.0 = Debug|Any CPU
		{AF309392-2A65-4ADD-83C6-0D612C48562C}.Debug|Mixed Platforms.ActiveCfg = Debug|Any CPU
		{AF309392-2A65-4ADD-83C6-0D612C48562C}.Debug|Mixed Platforms.Build.0 = Debug|Any CPU
		{AF309392-2A65-4ADD-83C6-0D612C48562C}.Debug|x86.ActiveCfg = Debug|Any CPU
		{AF309392-2A65-4ADD-83C6-0D612C48562C}.Release|Any CPU.ActiveCfg = Release|Any CPU
		{AF309392-2A65-4ADD-83C6-0D612C48562C}.Release|Any CPU.Build.0 = Release|Any CPU
		{AF309392-2A65-4ADD-83C6-0D612C48562C}.Release|Mixed Platforms.ActiveCfg = Release|Any CPU
		{AF309392-2A65-4ADD-83C6-0D612C48562C}.Release|Mixed Platforms.Build.0 = Release|Any CPU
		{AF309392-2A65-4ADD-83C6-0D612C48562C}.Release|x86.ActiveCfg = Release|Any CPU
		{AF309392-2A65-4ADD-83C6-0D612C48562C}.Signed|Any CPU.ActiveCfg = Release|Any CPU
		{AF309392-2A65-4ADD-83C6-0D612C48562C}.Signed|Any CPU.Build.0 = Release|Any CPU
		{AF309392-2A65-4ADD-83C6-0D612C48562C}.Signed|Mixed Platforms.ActiveCfg = Release|Any CPU
		{AF309392-2A65-4ADD-83C6-0D612C48562C}.Signed|Mixed Platforms.Build.0 = Release|Any CPU
		{AF309392-2A65-4ADD-83C6-0D612C48562C}.Signed|x86.ActiveCfg = Release|Any CPU
		{B2052165-C0FE-44F7-8F23-B48FB77AE2CA}.Debug|Any CPU.ActiveCfg = Debug|Any CPU
		{B2052165-C0FE-44F7-8F23-B48FB77AE2CA}.Debug|Any CPU.Build.0 = Debug|Any CPU
		{B2052165-C0FE-44F7-8F23-B48FB77AE2CA}.Debug|Mixed Platforms.ActiveCfg = Debug|Any CPU
		{B2052165-C0FE-44F7-8F23-B48FB77AE2CA}.Debug|Mixed Platforms.Build.0 = Debug|Any CPU
		{B2052165-C0FE-44F7-8F23-B48FB77AE2CA}.Debug|x86.ActiveCfg = Debug|Any CPU
		{B2052165-C0FE-44F7-8F23-B48FB77AE2CA}.Release|Any CPU.ActiveCfg = Release|Any CPU
		{B2052165-C0FE-44F7-8F23-B48FB77AE2CA}.Release|Any CPU.Build.0 = Release|Any CPU
		{B2052165-C0FE-44F7-8F23-B48FB77AE2CA}.Release|Mixed Platforms.ActiveCfg = Release|Any CPU
		{B2052165-C0FE-44F7-8F23-B48FB77AE2CA}.Release|Mixed Platforms.Build.0 = Release|Any CPU
		{B2052165-C0FE-44F7-8F23-B48FB77AE2CA}.Release|x86.ActiveCfg = Release|Any CPU
		{B2052165-C0FE-44F7-8F23-B48FB77AE2CA}.Signed|Any CPU.ActiveCfg = Release|Any CPU
		{B2052165-C0FE-44F7-8F23-B48FB77AE2CA}.Signed|Any CPU.Build.0 = Release|Any CPU
		{B2052165-C0FE-44F7-8F23-B48FB77AE2CA}.Signed|Mixed Platforms.ActiveCfg = Release|Any CPU
		{B2052165-C0FE-44F7-8F23-B48FB77AE2CA}.Signed|Mixed Platforms.Build.0 = Release|Any CPU
		{B2052165-C0FE-44F7-8F23-B48FB77AE2CA}.Signed|x86.ActiveCfg = Release|Any CPU
		{DBA3E72A-7B35-4107-88EF-2BD8FB782BAC}.Debug|Any CPU.ActiveCfg = Debug|Any CPU
		{DBA3E72A-7B35-4107-88EF-2BD8FB782BAC}.Debug|Any CPU.Build.0 = Debug|Any CPU
		{DBA3E72A-7B35-4107-88EF-2BD8FB782BAC}.Debug|Mixed Platforms.ActiveCfg = Debug|Any CPU
		{DBA3E72A-7B35-4107-88EF-2BD8FB782BAC}.Debug|Mixed Platforms.Build.0 = Debug|Any CPU
		{DBA3E72A-7B35-4107-88EF-2BD8FB782BAC}.Debug|x86.ActiveCfg = Debug|Any CPU
		{DBA3E72A-7B35-4107-88EF-2BD8FB782BAC}.Release|Any CPU.ActiveCfg = Release|Any CPU
		{DBA3E72A-7B35-4107-88EF-2BD8FB782BAC}.Release|Any CPU.Build.0 = Release|Any CPU
		{DBA3E72A-7B35-4107-88EF-2BD8FB782BAC}.Release|Mixed Platforms.ActiveCfg = Release|Any CPU
		{DBA3E72A-7B35-4107-88EF-2BD8FB782BAC}.Release|Mixed Platforms.Build.0 = Release|Any CPU
		{DBA3E72A-7B35-4107-88EF-2BD8FB782BAC}.Release|x86.ActiveCfg = Release|Any CPU
		{DBA3E72A-7B35-4107-88EF-2BD8FB782BAC}.Signed|Any CPU.ActiveCfg = Release|Any CPU
		{DBA3E72A-7B35-4107-88EF-2BD8FB782BAC}.Signed|Any CPU.Build.0 = Release|Any CPU
		{DBA3E72A-7B35-4107-88EF-2BD8FB782BAC}.Signed|Mixed Platforms.ActiveCfg = Release|Any CPU
		{DBA3E72A-7B35-4107-88EF-2BD8FB782BAC}.Signed|Mixed Platforms.Build.0 = Release|Any CPU
		{DBA3E72A-7B35-4107-88EF-2BD8FB782BAC}.Signed|x86.ActiveCfg = Release|Any CPU
		{F2830CC3-5C78-4ED0-974B-8D108F08E146}.Debug|Any CPU.ActiveCfg = Debug|Any CPU
		{F2830CC3-5C78-4ED0-974B-8D108F08E146}.Debug|Any CPU.Build.0 = Debug|Any CPU
		{F2830CC3-5C78-4ED0-974B-8D108F08E146}.Debug|Mixed Platforms.ActiveCfg = Debug|Any CPU
		{F2830CC3-5C78-4ED0-974B-8D108F08E146}.Debug|Mixed Platforms.Build.0 = Debug|Any CPU
		{F2830CC3-5C78-4ED0-974B-8D108F08E146}.Debug|x86.ActiveCfg = Debug|Any CPU
		{F2830CC3-5C78-4ED0-974B-8D108F08E146}.Release|Any CPU.ActiveCfg = Release|Any CPU
		{F2830CC3-5C78-4ED0-974B-8D108F08E146}.Release|Any CPU.Build.0 = Release|Any CPU
		{F2830CC3-5C78-4ED0-974B-8D108F08E146}.Release|Mixed Platforms.ActiveCfg = Release|Any CPU
		{F2830CC3-5C78-4ED0-974B-8D108F08E146}.Release|Mixed Platforms.Build.0 = Release|Any CPU
		{F2830CC3-5C78-4ED0-974B-8D108F08E146}.Release|x86.ActiveCfg = Release|Any CPU
		{F2830CC3-5C78-4ED0-974B-8D108F08E146}.Signed|Any CPU.ActiveCfg = Release|Any CPU
		{F2830CC3-5C78-4ED0-974B-8D108F08E146}.Signed|Any CPU.Build.0 = Release|Any CPU
		{F2830CC3-5C78-4ED0-974B-8D108F08E146}.Signed|Mixed Platforms.ActiveCfg = Release|Any CPU
		{F2830CC3-5C78-4ED0-974B-8D108F08E146}.Signed|Mixed Platforms.Build.0 = Release|Any CPU
		{F2830CC3-5C78-4ED0-974B-8D108F08E146}.Signed|x86.ActiveCfg = Release|Any CPU
		{F4558003-7B34-4081-B99C-78A2FDE4AC3E}.Debug|Any CPU.ActiveCfg = Debug|Any CPU
		{F4558003-7B34-4081-B99C-78A2FDE4AC3E}.Debug|Any CPU.Build.0 = Debug|Any CPU
		{F4558003-7B34-4081-B99C-78A2FDE4AC3E}.Debug|Mixed Platforms.ActiveCfg = Debug|Any CPU
		{F4558003-7B34-4081-B99C-78A2FDE4AC3E}.Debug|Mixed Platforms.Build.0 = Debug|Any CPU
		{F4558003-7B34-4081-B99C-78A2FDE4AC3E}.Debug|x86.ActiveCfg = Debug|Any CPU
		{F4558003-7B34-4081-B99C-78A2FDE4AC3E}.Release|Any CPU.ActiveCfg = Release|Any CPU
		{F4558003-7B34-4081-B99C-78A2FDE4AC3E}.Release|Any CPU.Build.0 = Release|Any CPU
		{F4558003-7B34-4081-B99C-78A2FDE4AC3E}.Release|Mixed Platforms.ActiveCfg = Release|Any CPU
		{F4558003-7B34-4081-B99C-78A2FDE4AC3E}.Release|Mixed Platforms.Build.0 = Release|Any CPU
		{F4558003-7B34-4081-B99C-78A2FDE4AC3E}.Release|x86.ActiveCfg = Release|Any CPU
		{F4558003-7B34-4081-B99C-78A2FDE4AC3E}.Signed|Any CPU.ActiveCfg = Release|Any CPU
		{F4558003-7B34-4081-B99C-78A2FDE4AC3E}.Signed|Any CPU.Build.0 = Release|Any CPU
		{F4558003-7B34-4081-B99C-78A2FDE4AC3E}.Signed|Mixed Platforms.ActiveCfg = Release|Any CPU
		{F4558003-7B34-4081-B99C-78A2FDE4AC3E}.Signed|Mixed Platforms.Build.0 = Release|Any CPU
		{F4558003-7B34-4081-B99C-78A2FDE4AC3E}.Signed|x86.ActiveCfg = Release|Any CPU
	EndGlobalSection
	GlobalSection(MonoDevelopProperties) = preSolution
		StartupItem = ObjectCloud.Common\ObjectCloud.Common.csproj
		name = ObjectCloud
	EndGlobalSection
	GlobalSection(SolutionProperties) = preSolution
		HideSolutionNode = FALSE
	EndGlobalSection
EndGlobal
